
Microsoft Visual Studio Solution File, Format Version 12.00
# Visual Studio Version 16
VisualStudioVersion = 16.0.30114.105
MinimumVisualStudioVersion = 10.0.40219.1
Project("{FAE04EC0-301F-11D3-BF4B-00C04F79EFBC}") = "AirmenMod", "AirmenMod\AirmenMod.csproj", "{211FB8DA-2C73-40CD-AED8-16788FE97C31}"
EndProject
Global
	GlobalSection(SolutionConfigurationPlatforms) = preSolution
		Debug|Any CPU = Debug|Any CPU
		Release|Any CPU = Release|Any CPU
	EndGlobalSection
	GlobalSection(ProjectConfigurationPlatforms) = postSolution
		{211FB8DA-2C73-40CD-AED8-16788FE97C31}.Debug|Any CPU.ActiveCfg = Debug|Any CPU
		{211FB8DA-2C73-40CD-AED8-16788FE97C31}.Debug|Any CPU.Build.0 = Debug|Any CPU
		{211FB8DA-2C73-40CD-AED8-16788FE97C31}.Release|Any CPU.ActiveCfg = Release|Any CPU
		{211FB8DA-2C73-40CD-AED8-16788FE97C31}.Release|Any CPU.Build.0 = Release|Any CPU
	EndGlobalSection
	GlobalSection(SolutionProperties) = preSolution
		HideSolutionNode = FALSE
	EndGlobalSection
	GlobalSection(ExtensibilityGlobals) = postSolution
		SolutionGuid = {C836E8FF-47B4-4B83-A40F-925960F65456}
	EndGlobalSection
EndGlobal
